
Microsoft Visual Studio Solution File, Format Version 12.00
# Visual Studio 15
VisualStudioVersion = 15.0.27428.2005
MinimumVisualStudioVersion = 10.0.40219.1
Project("{FAE04EC0-301F-11D3-BF4B-00C04F79EFBC}") = "MusicStore", "MusicStore\MusicStore.csproj", "{0D1DC149-3391-469E-B2F8-70A020478D29}"
EndProject
Project("{FAE04EC0-301F-11D3-BF4B-00C04F79EFBC}") = "MusicStore.Tests", "MusicStore.Tests\MusicStore.Tests.csproj", "{A7BC336C-FE94-402B-A5AA-A4059AA15592}"
EndProject
Global
	GlobalSection(SolutionConfigurationPlatforms) = preSolution
		Debug|Any CPU = Debug|Any CPU
		Release|Any CPU = Release|Any CPU
	EndGlobalSection
	GlobalSection(ProjectConfigurationPlatforms) = postSolution
		{0D1DC149-3391-469E-B2F8-70A020478D29}.Debug|Any CPU.ActiveCfg = Debug|Any CPU
		{0D1DC149-3391-469E-B2F8-70A020478D29}.Debug|Any CPU.Build.0 = Debug|Any CPU
		{0D1DC149-3391-469E-B2F8-70A020478D29}.Release|Any CPU.ActiveCfg = Release|Any CPU
		{0D1DC149-3391-469E-B2F8-70A020478D29}.Release|Any CPU.Build.0 = Release|Any CPU
		{A7BC336C-FE94-402B-A5AA-A4059AA15592}.Debug|Any CPU.ActiveCfg = Debug|Any CPU
		{A7BC336C-FE94-402B-A5AA-A4059AA15592}.Debug|Any CPU.Build.0 = Debug|Any CPU
		{A7BC336C-FE94-402B-A5AA-A4059AA15592}.Release|Any CPU.ActiveCfg = Release|Any CPU
		{A7BC336C-FE94-402B-A5AA-A4059AA15592}.Release|Any CPU.Build.0 = Release|Any CPU
	EndGlobalSection
	GlobalSection(SolutionProperties) = preSolution
		HideSolutionNode = FALSE
	EndGlobalSection
	GlobalSection(ExtensibilityGlobals) = postSolution
		SolutionGuid = {E7CA7BFC-0285-4A5A-97A3-9EDEFBE2AA90}
	EndGlobalSection
EndGlobal
